
Microsoft Visual Studio Solution File, Format Version 12.00
# Visual Studio Version 16
VisualStudioVersion = 16.0.30011.22
MinimumVisualStudioVersion = 10.0.40219.1
Project("{FAE04EC0-301F-11D3-BF4B-00C04F79EFBC}") = "MDC2020", "MDC2020\MDC2020.csproj", "{4E3AB798-61EE-4A67-8E83-50BC8D1FB0A0}"
EndProject
Project("{2150E333-8FDC-42A3-9474-1A3956D46DE8}") = "Solution Items", "Solution Items", "{8A872AEE-B525-42F0-8E5E-ECCE113495FC}"
	ProjectSection(SolutionItems) = preProject
		StockPriceSimulation_test.csv = StockPriceSimulation_test.csv
		StockPriceSimulation_train.csv = StockPriceSimulation_train.csv
	EndProjectSection
EndProject
Global
	GlobalSection(SolutionConfigurationPlatforms) = preSolution
		Debug|Any CPU = Debug|Any CPU
		Release|Any CPU = Release|Any CPU
	EndGlobalSection
	GlobalSection(ProjectConfigurationPlatforms) = postSolution
		{4E3AB798-61EE-4A67-8E83-50BC8D1FB0A0}.Debug|Any CPU.ActiveCfg = Debug|Any CPU
		{4E3AB798-61EE-4A67-8E83-50BC8D1FB0A0}.Debug|Any CPU.Build.0 = Debug|Any CPU
		{4E3AB798-61EE-4A67-8E83-50BC8D1FB0A0}.Release|Any CPU.ActiveCfg = Release|Any CPU
		{4E3AB798-61EE-4A67-8E83-50BC8D1FB0A0}.Release|Any CPU.Build.0 = Release|Any CPU
	EndGlobalSection
	GlobalSection(SolutionProperties) = preSolution
		HideSolutionNode = FALSE
	EndGlobalSection
	GlobalSection(ExtensibilityGlobals) = postSolution
		SolutionGuid = {9294E4C1-D40E-4A17-8545-DE02C26E6FAD}
	EndGlobalSection
EndGlobal
